// !$*UTF8*$!
{
	archiveVersion = 1;
	classes = {
	};
	objectVersion = 46;
	objects = {

/* Begin PBXBuildFile section */
		078D6D0175B996F3D2F0AD3B /* Pods_ios_swift_date_demo.framework in Frameworks */ = {isa = PBXBuildFile; fileRef = 821CF3B187CA75181C7D18F7 /* Pods_ios_swift_date_demo.framework */; };
		631667A91CE72C7D0E7C54B5 /* Pods_ios_swift_date_demoUITests.framework in Frameworks */ = {isa = PBXBuildFile; fileRef = F93A37DBB4A5F68ECBA77899 /* Pods_ios_swift_date_demoUITests.framework */; };
		79FB2B6C1F03907E001205C8 /* AppDelegate.swift in Sources */ = {isa = PBXBuildFile; fileRef = 79FB2B6B1F03907E001205C8 /* AppDelegate.swift */; };
		79FB2B6E1F03907E001205C8 /* ViewController.swift in Sources */ = {isa = PBXBuildFile; fileRef = 79FB2B6D1F03907E001205C8 /* ViewController.swift */; };
		79FB2B711F03907E001205C8 /* Main.storyboard in Resources */ = {isa = PBXBuildFile; fileRef = 79FB2B6F1F03907E001205C8 /* Main.storyboard */; };
		79FB2B731F03907E001205C8 /* Assets.xcassets in Resources */ = {isa = PBXBuildFile; fileRef = 79FB2B721F03907E001205C8 /* Assets.xcassets */; };
		79FB2B761F03907E001205C8 /* LaunchScreen.storyboard in Resources */ = {isa = PBXBuildFile; fileRef = 79FB2B741F03907E001205C8 /* LaunchScreen.storyboard */; };
		79FB2B811F03907E001205C8 /* ios_swift_date_demoTests.swift in Sources */ = {isa = PBXBuildFile; fileRef = 79FB2B801F03907E001205C8 /* ios_swift_date_demoTests.swift */; };
		79FB2B8C1F03907E001205C8 /* ios_swift_date_demoUITests.swift in Sources */ = {isa = PBXBuildFile; fileRef = 79FB2B8B1F03907E001205C8 /* ios_swift_date_demoUITests.swift */; };
		805B30D6339EA68090B9815A /* Pods_ios_swift_date_demoTests.framework in Frameworks */ = {isa = PBXBuildFile; fileRef = 61C58D54CB0F46F0B15FC48C /* Pods_ios_swift_date_demoTests.framework */; };
/* End PBXBuildFile section */

/* Begin PBXContainerItemProxy section */
		79FB2B7D1F03907E001205C8 /* PBXContainerItemProxy */ = {
			isa = PBXContainerItemProxy;
			containerPortal = 79FB2B601F03907E001205C8 /* Project object */;
			proxyType = 1;
			remoteGlobalIDString = 79FB2B671F03907E001205C8;
			remoteInfo = "ios-swift-date-demo";
		};
		79FB2B881F03907E001205C8 /* PBXContainerItemProxy */ = {
			isa = PBXContainerItemProxy;
			containerPortal = 79FB2B601F03907E001205C8 /* Project object */;
			proxyType = 1;
			remoteGlobalIDString = 79FB2B671F03907E001205C8;
			remoteInfo = "ios-swift-date-demo";
		};
/* End PBXContainerItemProxy section */

/* Begin PBXFileReference section */
		1F836F110B643FB3CAFE6EBA /* Pods-ios-swift-date-demo.debug.xcconfig */ = {isa = PBXFileReference; includeInIndex = 1; lastKnownFileType = text.xcconfig; name = "Pods-ios-swift-date-demo.debug.xcconfig"; path = "Pods/Target Support Files/Pods-ios-swift-date-demo/Pods-ios-swift-date-demo.debug.xcconfig"; sourceTree = "<group>"; };
		61C58D54CB0F46F0B15FC48C /* Pods_ios_swift_date_demoTests.framework */ = {isa = PBXFileReference; explicitFileType = wrapper.framework; includeInIndex = 0; path = Pods_ios_swift_date_demoTests.framework; sourceTree = BUILT_PRODUCTS_DIR; };
		762A54CF298839E1DC46BD43 /* Pods-ios-swift-date-demoTests.debug.xcconfig */ = {isa = PBXFileReference; includeInIndex = 1; lastKnownFileType = text.xcconfig; name = "Pods-ios-swift-date-demoTests.debug.xcconfig"; path = "Pods/Target Support Files/Pods-ios-swift-date-demoTests/Pods-ios-swift-date-demoTests.debug.xcconfig"; sourceTree = "<group>"; };
		79FB2B681F03907E001205C8 /* ios-swift-date-demo.app */ = {isa = PBXFileReference; explicitFileType = wrapper.application; includeInIndex = 0; path = "ios-swift-date-demo.app"; sourceTree = BUILT_PRODUCTS_DIR; };
		79FB2B6B1F03907E001205C8 /* AppDelegate.swift */ = {isa = PBXFileReference; lastKnownFileType = sourcecode.swift; path = AppDelegate.swift; sourceTree = "<group>"; };
		79FB2B6D1F03907E001205C8 /* ViewController.swift */ = {isa = PBXFileReference; lastKnownFileType = sourcecode.swift; path = ViewController.swift; sourceTree = "<group>"; };
		79FB2B701F03907E001205C8 /* Base */ = {isa = PBXFileReference; lastKnownFileType = file.storyboard; name = Base; path = Base.lproj/Main.storyboard; sourceTree = "<group>"; };
		79FB2B721F03907E001205C8 /* Assets.xcassets */ = {isa = PBXFileReference; lastKnownFileType = folder.assetcatalog; path = Assets.xcassets; sourceTree = "<group>"; };
		79FB2B751F03907E001205C8 /* Base */ = {isa = PBXFileReference; lastKnownFileType = file.storyboard; name = Base; path = Base.lproj/LaunchScreen.storyboard; sourceTree = "<group>"; };
		79FB2B771F03907E001205C8 /* Info.plist */ = {isa = PBXFileReference; lastKnownFileType = text.plist.xml; path = Info.plist; sourceTree = "<group>"; };
		79FB2B7C1F03907E001205C8 /* ios-swift-date-demoTests.xctest */ = {isa = PBXFileReference; explicitFileType = wrapper.cfbundle; includeInIndex = 0; path = "ios-swift-date-demoTests.xctest"; sourceTree = BUILT_PRODUCTS_DIR; };
		79FB2B801F03907E001205C8 /* ios_swift_date_demoTests.swift */ = {isa = PBXFileReference; lastKnownFileType = sourcecode.swift; path = ios_swift_date_demoTests.swift; sourceTree = "<group>"; };
		79FB2B821F03907E001205C8 /* Info.plist */ = {isa = PBXFileReference; lastKnownFileType = text.plist.xml; path = Info.plist; sourceTree = "<group>"; };
		79FB2B871F03907E001205C8 /* ios-swift-date-demoUITests.xctest */ = {isa = PBXFileReference; explicitFileType = wrapper.cfbundle; includeInIndex = 0; path = "ios-swift-date-demoUITests.xctest"; sourceTree = BUILT_PRODUCTS_DIR; };
		79FB2B8B1F03907E001205C8 /* ios_swift_date_demoUITests.swift */ = {isa = PBXFileReference; lastKnownFileType = sourcecode.swift; path = ios_swift_date_demoUITests.swift; sourceTree = "<group>"; };
		79FB2B8D1F03907E001205C8 /* Info.plist */ = {isa = PBXFileReference; lastKnownFileType = text.plist.xml; path = Info.plist; sourceTree = "<group>"; };
		821CF3B187CA75181C7D18F7 /* Pods_ios_swift_date_demo.framework */ = {isa = PBXFileReference; explicitFileType = wrapper.framework; includeInIndex = 0; path = Pods_ios_swift_date_demo.framework; sourceTree = BUILT_PRODUCTS_DIR; };
		B814548E0F4F214CCBB099CC /* Pods-ios-swift-date-demoUITests.debug.xcconfig */ = {isa = PBXFileReference; includeInIndex = 1; lastKnownFileType = text.xcconfig; name = "Pods-ios-swift-date-demoUITests.debug.xcconfig"; path = "Pods/Target Support Files/Pods-ios-swift-date-demoUITests/Pods-ios-swift-date-demoUITests.debug.xcconfig"; sourceTree = "<group>"; };
		D5011EB695BB133AEFA8C60C /* Pods-ios-swift-date-demoTests.release.xcconfig */ = {isa = PBXFileReference; includeInIndex = 1; lastKnownFileType = text.xcconfig; name = "Pods-ios-swift-date-demoTests.release.xcconfig"; path = "Pods/Target Support Files/Pods-ios-swift-date-demoTests/Pods-ios-swift-date-demoTests.release.xcconfig"; sourceTree = "<group>"; };
		D89A54F53EE7E75E575A0C60 /* Pods-ios-swift-date-demo.release.xcconfig */ = {isa = PBXFileReference; includeInIndex = 1; lastKnownFileType = text.xcconfig; name = "Pods-ios-swift-date-demo.release.xcconfig"; path = "Pods/Target Support Files/Pods-ios-swift-date-demo/Pods-ios-swift-date-demo.release.xcconfig"; sourceTree = "<group>"; };
		F5E7EAA3EB6388F6DB7B8B24 /* Pods-ios-swift-date-demoUITests.release.xcconfig */ = {isa = PBXFileReference; includeInIndex = 1; lastKnownFileType = text.xcconfig; name = "Pods-ios-swift-date-demoUITests.release.xcconfig"; path = "Pods/Target Support Files/Pods-ios-swift-date-demoUITests/Pods-ios-swift-date-demoUITests.release.xcconfig"; sourceTree = "<group>"; };
		F93A37DBB4A5F68ECBA77899 /* Pods_ios_swift_date_demoUITests.framework */ = {isa = PBXFileReference; explicitFileType = wrapper.framework; includeInIndex = 0; path = Pods_ios_swift_date_demoUITests.framework; sourceTree = BUILT_PRODUCTS_DIR; };
/* End PBXFileReference section */

/* Begin PBXFrameworksBuildPhase section */
		79FB2B651F03907E001205C8 /* Frameworks */ = {
			isa = PBXFrameworksBuildPhase;
			buildActionMask = 2147483647;
			files = (
				078D6D0175B996F3D2F0AD3B /* Pods_ios_swift_date_demo.framework in Frameworks */,
			);
			runOnlyForDeploymentPostprocessing = 0;
		};
		79FB2B791F03907E001205C8 /* Frameworks */ = {
			isa = PBXFrameworksBuildPhase;
			buildActionMask = 2147483647;
			files = (
				805B30D6339EA68090B9815A /* Pods_ios_swift_date_demoTests.framework in Frameworks */,
			);
			runOnlyForDeploymentPostprocessing = 0;
		};
		79FB2B841F03907E001205C8 /* Frameworks */ = {
			isa = PBXFrameworksBuildPhase;
			buildActionMask = 2147483647;
			files = (
				631667A91CE72C7D0E7C54B5 /* Pods_ios_swift_date_demoUITests.framework in Frameworks */,
			);
			runOnlyForDeploymentPostprocessing = 0;
		};
/* End PBXFrameworksBuildPhase section */

/* Begin PBXGroup section */
		59A621D32E16664A3F2420C7 /* Frameworks */ = {
			isa = PBXGroup;
			children = (
				821CF3B187CA75181C7D18F7 /* Pods_ios_swift_date_demo.framework */,
				61C58D54CB0F46F0B15FC48C /* Pods_ios_swift_date_demoTests.framework */,
				F93A37DBB4A5F68ECBA77899 /* Pods_ios_swift_date_demoUITests.framework */,
			);
			name = Frameworks;
			sourceTree = "<group>";
		};
		79FB2B5F1F03907E001205C8 = {
			isa = PBXGroup;
			children = (
				79FB2B6A1F03907E001205C8 /* ios-swift-date-demo */,
				79FB2B7F1F03907E001205C8 /* ios-swift-date-demoTests */,
				79FB2B8A1F03907E001205C8 /* ios-swift-date-demoUITests */,
				79FB2B691F03907E001205C8 /* Products */,
				BBB4FA0CE488748D66BBD8C9 /* Pods */,
				59A621D32E16664A3F2420C7 /* Frameworks */,
			);
			sourceTree = "<group>";
		};
		79FB2B691F03907E001205C8 /* Products */ = {
			isa = PBXGroup;
			children = (
				79FB2B681F03907E001205C8 /* ios-swift-date-demo.app */,
				79FB2B7C1F03907E001205C8 /* ios-swift-date-demoTests.xctest */,
				79FB2B871F03907E001205C8 /* ios-swift-date-demoUITests.xctest */,
			);
			name = Products;
			sourceTree = "<group>";
		};
		79FB2B6A1F03907E001205C8 /* ios-swift-date-demo */ = {
			isa = PBXGroup;
			children = (
				79FB2B6B1F03907E001205C8 /* AppDelegate.swift */,
				79FB2B6D1F03907E001205C8 /* ViewController.swift */,
				79FB2B6F1F03907E001205C8 /* Main.storyboard */,
				79FB2B721F03907E001205C8 /* Assets.xcassets */,
				79FB2B741F03907E001205C8 /* LaunchScreen.storyboard */,
				79FB2B771F03907E001205C8 /* Info.plist */,
			);
			path = "ios-swift-date-demo";
			sourceTree = "<group>";
		};
		79FB2B7F1F03907E001205C8 /* ios-swift-date-demoTests */ = {
			isa = PBXGroup;
			children = (
				79FB2B801F03907E001205C8 /* ios_swift_date_demoTests.swift */,
				79FB2B821F03907E001205C8 /* Info.plist */,
			);
			path = "ios-swift-date-demoTests";
			sourceTree = "<group>";
		};
		79FB2B8A1F03907E001205C8 /* ios-swift-date-demoUITests */ = {
			isa = PBXGroup;
			children = (
				79FB2B8B1F03907E001205C8 /* ios_swift_date_demoUITests.swift */,
				79FB2B8D1F03907E001205C8 /* Info.plist */,
			);
			path = "ios-swift-date-demoUITests";
			sourceTree = "<group>";
		};
		BBB4FA0CE488748D66BBD8C9 /* Pods */ = {
			isa = PBXGroup;
			children = (
				1F836F110B643FB3CAFE6EBA /* Pods-ios-swift-date-demo.debug.xcconfig */,
				D89A54F53EE7E75E575A0C60 /* Pods-ios-swift-date-demo.release.xcconfig */,
				762A54CF298839E1DC46BD43 /* Pods-ios-swift-date-demoTests.debug.xcconfig */,
				D5011EB695BB133AEFA8C60C /* Pods-ios-swift-date-demoTests.release.xcconfig */,
				B814548E0F4F214CCBB099CC /* Pods-ios-swift-date-demoUITests.debug.xcconfig */,
				F5E7EAA3EB6388F6DB7B8B24 /* Pods-ios-swift-date-demoUITests.release.xcconfig */,
			);
			name = Pods;
			sourceTree = "<group>";
		};
/* End PBXGroup section */

/* Begin PBXNativeTarget section */
		79FB2B671F03907E001205C8 /* ios-swift-date-demo */ = {
			isa = PBXNativeTarget;
			buildConfigurationList = 79FB2B901F03907E001205C8 /* Build configuration list for PBXNativeTarget "ios-swift-date-demo" */;
			buildPhases = (
				735AB07389FF61ADDE3F88B3 /* [CP] Check Pods Manifest.lock */,
				79FB2B641F03907E001205C8 /* Sources */,
				79FB2B651F03907E001205C8 /* Frameworks */,
				79FB2B661F03907E001205C8 /* Resources */,
				0EC22FF225D8B2E5C4736498 /* [CP] Embed Pods Frameworks */,
				2309CAAAC08569E52FAC1FFE /* [CP] Copy Pods Resources */,
			);
			buildRules = (
			);
			dependencies = (
			);
			name = "ios-swift-date-demo";
			productName = "ios-swift-date-demo";
			productReference = 79FB2B681F03907E001205C8 /* ios-swift-date-demo.app */;
			productType = "com.apple.product-type.application";
		};
		79FB2B7B1F03907E001205C8 /* ios-swift-date-demoTests */ = {
			isa = PBXNativeTarget;
			buildConfigurationList = 79FB2B931F03907E001205C8 /* Build configuration list for PBXNativeTarget "ios-swift-date-demoTests" */;
			buildPhases = (
				1722A3152E9C4DF72E7803CE /* [CP] Check Pods Manifest.lock */,
				79FB2B781F03907E001205C8 /* Sources */,
				79FB2B791F03907E001205C8 /* Frameworks */,
				79FB2B7A1F03907E001205C8 /* Resources */,
				62DB2DFF8ED54B355EE5EA17 /* [CP] Embed Pods Frameworks */,
				F210CBA24C92EBD0E4F80079 /* [CP] Copy Pods Resources */,
			);
			buildRules = (
			);
			dependencies = (
				79FB2B7E1F03907E001205C8 /* PBXTargetDependency */,
			);
			name = "ios-swift-date-demoTests";
			productName = "ios-swift-date-demoTests";
			productReference = 79FB2B7C1F03907E001205C8 /* ios-swift-date-demoTests.xctest */;
			productType = "com.apple.product-type.bundle.unit-test";
		};
		79FB2B861F03907E001205C8 /* ios-swift-date-demoUITests */ = {
			isa = PBXNativeTarget;
			buildConfigurationList = 79FB2B961F03907E001205C8 /* Build configuration list for PBXNativeTarget "ios-swift-date-demoUITests" */;
			buildPhases = (
				0FD7E2A8A30C06A28925CF8A /* [CP] Check Pods Manifest.lock */,
				79FB2B831F03907E001205C8 /* Sources */,
				79FB2B841F03907E001205C8 /* Frameworks */,
				79FB2B851F03907E001205C8 /* Resources */,
				C7495B78D5DAF549C27BAAC8 /* [CP] Embed Pods Frameworks */,
				23D5FC0ED88B4763227719E1 /* [CP] Copy Pods Resources */,
			);
			buildRules = (
			);
			dependencies = (
				79FB2B891F03907E001205C8 /* PBXTargetDependency */,
			);
			name = "ios-swift-date-demoUITests";
			productName = "ios-swift-date-demoUITests";
			productReference = 79FB2B871F03907E001205C8 /* ios-swift-date-demoUITests.xctest */;
			productType = "com.apple.product-type.bundle.ui-testing";
		};
/* End PBXNativeTarget section */

/* Begin PBXProject section */
		79FB2B601F03907E001205C8 /* Project object */ = {
			isa = PBXProject;
			attributes = {
				LastSwiftUpdateCheck = 0830;
				LastUpgradeCheck = 0830;
				ORGANIZATIONNAME = "Eiji Kushida";
				TargetAttributes = {
					79FB2B671F03907E001205C8 = {
						CreatedOnToolsVersion = 8.3.3;
						DevelopmentTeam = PCCZJUYRT6;
						ProvisioningStyle = Manual;
					};
					79FB2B7B1F03907E001205C8 = {
						CreatedOnToolsVersion = 8.3.3;
						ProvisioningStyle = Automatic;
						TestTargetID = 79FB2B671F03907E001205C8;
					};
					79FB2B861F03907E001205C8 = {
						CreatedOnToolsVersion = 8.3.3;
						ProvisioningStyle = Automatic;
						TestTargetID = 79FB2B671F03907E001205C8;
					};
				};
			};
			buildConfigurationList = 79FB2B631F03907E001205C8 /* Build configuration list for PBXProject "ios-swift-date-demo" */;
			compatibilityVersion = "Xcode 3.2";
			developmentRegion = English;
			hasScannedForEncodings = 0;
			knownRegions = (
				en,
				Base,
			);
			mainGroup = 79FB2B5F1F03907E001205C8;
			productRefGroup = 79FB2B691F03907E001205C8 /* Products */;
			projectDirPath = "";
			projectRoot = "";
			targets = (
				79FB2B671F03907E001205C8 /* ios-swift-date-demo */,
				79FB2B7B1F03907E001205C8 /* ios-swift-date-demoTests */,
				79FB2B861F03907E001205C8 /* ios-swift-date-demoUITests */,
			);
		};
/* End PBXProject section */

/* Begin PBXResourcesBuildPhase section */
		79FB2B661F03907E001205C8 /* Resources */ = {
			isa = PBXResourcesBuildPhase;
			buildActionMask = 2147483647;
			files = (
				79FB2B761F03907E001205C8 /* LaunchScreen.storyboard in Resources */,
				79FB2B731F03907E001205C8 /* Assets.xcassets in Resources */,
				79FB2B711F03907E001205C8 /* Main.storyboard in Resources */,
			);
			runOnlyForDeploymentPostprocessing = 0;
		};
		79FB2B7A1F03907E001205C8 /* Resources */ = {
			isa = PBXResourcesBuildPhase;
			buildActionMask = 2147483647;
			files = (
			);
			runOnlyForDeploymentPostprocessing = 0;
		};
		79FB2B851F03907E001205C8 /* Resources */ = {
			isa = PBXResourcesBuildPhase;
			buildActionMask = 2147483647;
			files = (
			);
			runOnlyForDeploymentPostprocessing = 0;
		};
/* End PBXResourcesBuildPhase section */

/* Begin PBXShellScriptBuildPhase section */
		0EC22FF225D8B2E5C4736498 /* [CP] Embed Pods Frameworks */ = {
			isa = PBXShellScriptBuildPhase;
			buildActionMask = 2147483647;
			files = (
			);
			inputPaths = (
			);
			name = "[CP] Embed Pods Frameworks";
			outputPaths = (
			);
			runOnlyForDeploymentPostprocessing = 0;
			shellPath = /bin/sh;
			shellScript = "\"${SRCROOT}/Pods/Target Support Files/Pods-ios-swift-date-demo/Pods-ios-swift-date-demo-frameworks.sh\"\n";
			showEnvVarsInLog = 0;
		};
		0FD7E2A8A30C06A28925CF8A /* [CP] Check Pods Manifest.lock */ = {
			isa = PBXShellScriptBuildPhase;
			buildActionMask = 2147483647;
			files = (
			);
			inputPaths = (
			);
			name = "[CP] Check Pods Manifest.lock";
			outputPaths = (
			);
			runOnlyForDeploymentPostprocessing = 0;
			shellPath = /bin/sh;
			shellScript = "diff \"${PODS_PODFILE_DIR_PATH}/Podfile.lock\" \"${PODS_ROOT}/Manifest.lock\" > /dev/null\nif [ $? != 0 ] ; then\n    # print error to STDERR\n    echo \"error: The sandbox is not in sync with the Podfile.lock. Run 'pod install' or update your CocoaPods installation.\" >&2\n    exit 1\nfi\n";
			showEnvVarsInLog = 0;
		};
		1722A3152E9C4DF72E7803CE /* [CP] Check Pods Manifest.lock */ = {
			isa = PBXShellScriptBuildPhase;
			buildActionMask = 2147483647;
			files = (
			);
			inputPaths = (
			);
			name = "[CP] Check Pods Manifest.lock";
			outputPaths = (
			);
			runOnlyForDeploymentPostprocessing = 0;
			shellPath = /bin/sh;
			shellScript = "diff \"${PODS_PODFILE_DIR_PATH}/Podfile.lock\" \"${PODS_ROOT}/Manifest.lock\" > /dev/null\nif [ $? != 0 ] ; then\n    # print error to STDERR\n    echo \"error: The sandbox is not in sync with the Podfile.lock. Run 'pod install' or update your CocoaPods installation.\" >&2\n    exit 1\nfi\n";
			showEnvVarsInLog = 0;
		};
		2309CAAAC08569E52FAC1FFE /* [CP] Copy Pods Resources */ = {
			isa = PBXShellScriptBuildPhase;
			buildActionMask = 2147483647;
			files = (
			);
			inputPaths = (
			);
			name = "[CP] Copy Pods Resources";
			outputPaths = (
			);
			runOnlyForDeploymentPostprocessing = 0;
			shellPath = /bin/sh;
			shellScript = "\"${SRCROOT}/Pods/Target Support Files/Pods-ios-swift-date-demo/Pods-ios-swift-date-demo-resources.sh\"\n";
			showEnvVarsInLog = 0;
		};
		23D5FC0ED88B4763227719E1 /* [CP] Copy Pods Resources */ = {
			isa = PBXShellScriptBuildPhase;
			buildActionMask = 2147483647;
			files = (
			);
			inputPaths = (
			);
			name = "[CP] Copy Pods Resources";
			outputPaths = (
			);
			runOnlyForDeploymentPostprocessing = 0;
			shellPath = /bin/sh;
			shellScript = "\"${SRCROOT}/Pods/Target Support Files/Pods-ios-swift-date-demoUITests/Pods-ios-swift-date-demoUITests-resources.sh\"\n";
			showEnvVarsInLog = 0;
		};
		62DB2DFF8ED54B355EE5EA17 /* [CP] Embed Pods Frameworks */ = {
			isa = PBXShellScriptBuildPhase;
			buildActionMask = 2147483647;
			files = (
			);
			inputPaths = (
			);
			name = "[CP] Embed Pods Frameworks";
			outputPaths = (
			);
			runOnlyForDeploymentPostprocessing = 0;
			shellPath = /bin/sh;
			shellScript = "\"${SRCROOT}/Pods/Target Support Files/Pods-ios-swift-date-demoTests/Pods-ios-swift-date-demoTests-frameworks.sh\"\n";
			showEnvVarsInLog = 0;
		};
		735AB07389FF61ADDE3F88B3 /* [CP] Check Pods Manifest.lock */ = {
			isa = PBXShellScriptBuildPhase;
			buildActionMask = 2147483647;
			files = (
			);
			inputPaths = (
			);
			name = "[CP] Check Pods Manifest.lock";
			outputPaths = (
			);
			runOnlyForDeploymentPostprocessing = 0;
			shellPath = /bin/sh;
			shellScript = "diff \"${PODS_PODFILE_DIR_PATH}/Podfile.lock\" \"${PODS_ROOT}/Manifest.lock\" > /dev/null\nif [ $? != 0 ] ; then\n    # print error to STDERR\n    echo \"error: The sandbox is not in sync with the Podfile.lock. Run 'pod install' or update your CocoaPods installation.\" >&2\n    exit 1\nfi\n";
			showEnvVarsInLog = 0;
		};
		C7495B78D5DAF549C27BAAC8 /* [CP] Embed Pods Frameworks */ = {
			isa = PBXShellScriptBuildPhase;
			buildActionMask = 2147483647;
			files = (
			);
			inputPaths = (
			);
			name = "[CP] Embed Pods Frameworks";
			outputPaths = (
			);
			runOnlyForDeploymentPostprocessing = 0;
			shellPath = /bin/sh;
			shellScript = "\"${SRCROOT}/Pods/Target Support Files/Pods-ios-swift-date-demoUITests/Pods-ios-swift-date-demoUITests-frameworks.sh\"\n";
			showEnvVarsInLog = 0;
		};
		F210CBA24C92EBD0E4F80079 /* [CP] Copy Pods Resources */ = {
			isa = PBXShellScriptBuildPhase;
			buildActionMask = 2147483647;
			files = (
			);
			inputPaths = (
			);
			name = "[CP] Copy Pods Resources";
			outputPaths = (
			);
			runOnlyForDeploymentPostprocessing = 0;
			shellPath = /bin/sh;
			shellScript = "\"${SRCROOT}/Pods/Target Support Files/Pods-ios-swift-date-demoTests/Pods-ios-swift-date-demoTests-resources.sh\"\n";
			showEnvVarsInLog = 0;
		};
/* End PBXShellScriptBuildPhase section */

/* Begin PBXSourcesBuildPhase section */
		79FB2B641F03907E001205C8 /* Sources */ = {
			isa = PBXSourcesBuildPhase;
			buildActionMask = 2147483647;
			files = (
				79FB2B6E1F03907E001205C8 /* ViewController.swift in Sources */,
				79FB2B6C1F03907E001205C8 /* AppDelegate.swift in Sources */,
			);
			runOnlyForDeploymentPostprocessing = 0;
		};
		79FB2B781F03907E001205C8 /* Sources */ = {
			isa = PBXSourcesBuildPhase;
			buildActionMask = 2147483647;
			files = (
				79FB2B811F03907E001205C8 /* ios_swift_date_demoTests.swift in Sources */,
			);
			runOnlyForDeploymentPostprocessing = 0;
		};
		79FB2B831F03907E001205C8 /* Sources */ = {
			isa = PBXSourcesBuildPhase;
			buildActionMask = 2147483647;
			files = (
				79FB2B8C1F03907E001205C8 /* ios_swift_date_demoUITests.swift in Sources */,
			);
			runOnlyForDeploymentPostprocessing = 0;
		};
/* End PBXSourcesBuildPhase section */

/* Begin PBXTargetDependency section */
		79FB2B7E1F03907E001205C8 /* PBXTargetDependency */ = {
			isa = PBXTargetDependency;
			target = 79FB2B671F03907E001205C8 /* ios-swift-date-demo */;
			targetProxy = 79FB2B7D1F03907E001205C8 /* PBXContainerItemProxy */;
		};
		79FB2B891F03907E001205C8 /* PBXTargetDependency */ = {
			isa = PBXTargetDependency;
			target = 79FB2B671F03907E001205C8 /* ios-swift-date-demo */;
			targetProxy = 79FB2B881F03907E001205C8 /* PBXContainerItemProxy */;
		};
/* End PBXTargetDependency section */

/* Begin PBXVariantGroup section */
		79FB2B6F1F03907E001205C8 /* Main.storyboard */ = {
			isa = PBXVariantGroup;
			children = (
				79FB2B701F03907E001205C8 /* Base */,
			);
			name = Main.storyboard;
			sourceTree = "<group>";
		};
		79FB2B741F03907E001205C8 /* LaunchScreen.storyboard */ = {
			isa = PBXVariantGroup;
			children = (
				79FB2B751F03907E001205C8 /* Base */,
			);
			name = LaunchScreen.storyboard;
			sourceTree = "<group>";
		};
/* End PBXVariantGroup section */

/* Begin XCBuildConfiguration section */
		79FB2B8E1F03907E001205C8 /* Debug */ = {
			isa = XCBuildConfiguration;
			buildSettings = {
				ALWAYS_SEARCH_USER_PATHS = NO;
				CLANG_ANALYZER_NONNULL = YES;
				CLANG_ANALYZER_NUMBER_OBJECT_CONVERSION = YES_AGGRESSIVE;
				CLANG_CXX_LANGUAGE_STANDARD = "gnu++0x";
				CLANG_CXX_LIBRARY = "libc++";
				CLANG_ENABLE_MODULES = YES;
				CLANG_ENABLE_OBJC_ARC = YES;
				CLANG_WARN_BOOL_CONVERSION = YES;
				CLANG_WARN_CONSTANT_CONVERSION = YES;
				CLANG_WARN_DIRECT_OBJC_ISA_USAGE = YES_ERROR;
				CLANG_WARN_DOCUMENTATION_COMMENTS = YES;
				CLANG_WARN_EMPTY_BODY = YES;
				CLANG_WARN_ENUM_CONVERSION = YES;
				CLANG_WARN_INFINITE_RECURSION = YES;
				CLANG_WARN_INT_CONVERSION = YES;
				CLANG_WARN_OBJC_ROOT_CLASS = YES_ERROR;
				CLANG_WARN_SUSPICIOUS_MOVE = YES;
				CLANG_WARN_UNREACHABLE_CODE = YES;
				CLANG_WARN__DUPLICATE_METHOD_MATCH = YES;
				"CODE_SIGN_IDENTITY[sdk=iphoneos*]" = "iPhone Developer";
				COPY_PHASE_STRIP = NO;
				DEBUG_INFORMATION_FORMAT = dwarf;
				ENABLE_STRICT_OBJC_MSGSEND = YES;
				ENABLE_TESTABILITY = YES;
				GCC_C_LANGUAGE_STANDARD = gnu99;
				GCC_DYNAMIC_NO_PIC = NO;
				GCC_NO_COMMON_BLOCKS = YES;
				GCC_OPTIMIZATION_LEVEL = 0;
				GCC_PREPROCESSOR_DEFINITIONS = (
					"DEBUG=1",
					"$(inherited)",
				);
				GCC_WARN_64_TO_32_BIT_CONVERSION = YES;
				GCC_WARN_ABOUT_RETURN_TYPE = YES_ERROR;
				GCC_WARN_UNDECLARED_SELECTOR = YES;
				GCC_WARN_UNINITIALIZED_AUTOS = YES_AGGRESSIVE;
				GCC_WARN_UNUSED_FUNCTION = YES;
				GCC_WARN_UNUSED_VARIABLE = YES;
				IPHONEOS_DEPLOYMENT_TARGET = 10.3;
				MTL_ENABLE_DEBUG_INFO = YES;
				ONLY_ACTIVE_ARCH = YES;
				SDKROOT = iphoneos;
				SWIFT_ACTIVE_COMPILATION_CONDITIONS = DEBUG;
				SWIFT_OPTIMIZATION_LEVEL = "-Onone";
				TARGETED_DEVICE_FAMILY = "1,2";
			};
			name = Debug;
		};
		79FB2B8F1F03907E001205C8 /* Release */ = {
			isa = XCBuildConfiguration;
			buildSettings = {
				ALWAYS_SEARCH_USER_PATHS = NO;
				CLANG_ANALYZER_NONNULL = YES;
				CLANG_ANALYZER_NUMBER_OBJECT_CONVERSION = YES_AGGRESSIVE;
				CLANG_CXX_LANGUAGE_STANDARD = "gnu++0x";
				CLANG_CXX_LIBRARY = "libc++";
				CLANG_ENABLE_MODULES = YES;
				CLANG_ENABLE_OBJC_ARC = YES;
				CLANG_WARN_BOOL_CONVERSION = YES;
				CLANG_WARN_CONSTANT_CONVERSION = YES;
				CLANG_WARN_DIRECT_OBJC_ISA_USAGE = YES_ERROR;
				CLANG_WARN_DOCUMENTATION_COMMENTS = YES;
				CLANG_WARN_EMPTY_BODY = YES;
				CLANG_WARN_ENUM_CONVERSION = YES;
				CLANG_WARN_INFINITE_RECURSION = YES;
				CLANG_WARN_INT_CONVERSION = YES;
				CLANG_WARN_OBJC_ROOT_CLASS = YES_ERROR;
				CLANG_WARN_SUSPICIOUS_MOVE = YES;
				CLANG_WARN_UNREACHABLE_CODE = YES;
				CLANG_WARN__DUPLICATE_METHOD_MATCH = YES;
				"CODE_SIGN_IDENTITY[sdk=iphoneos*]" = "iPhone Developer";
				COPY_PHASE_STRIP = NO;
				DEBUG_INFORMATION_FORMAT = "dwarf-with-dsym";
				ENABLE_NS_ASSERTIONS = NO;
				ENABLE_STRICT_OBJC_MSGSEND = YES;
				GCC_C_LANGUAGE_STANDARD = gnu99;
				GCC_NO_COMMON_BLOCKS = YES;
				GCC_WARN_64_TO_32_BIT_CONVERSION = YES;
				GCC_WARN_ABOUT_RETURN_TYPE = YES_ERROR;
				GCC_WARN_UNDECLARED_SELECTOR = YES;
				GCC_WARN_UNINITIALIZED_AUTOS = YES_AGGRESSIVE;
				GCC_WARN_UNUSED_FUNCTION = YES;
				GCC_WARN_UNUSED_VARIABLE = YES;
				IPHONEOS_DEPLOYMENT_TARGET = 10.3;
				MTL_ENABLE_DEBUG_INFO = NO;
				SDKROOT = iphoneos;
				SWIFT_OPTIMIZATION_LEVEL = "-Owholemodule";
				TARGETED_DEVICE_FAMILY = "1,2";
				VALIDATE_PRODUCT = YES;
			};
			name = Release;
		};
		79FB2B911F03907E001205C8 /* Debug */ = {
			isa = XCBuildConfiguration;
			baseConfigurationReference = 1F836F110B643FB3CAFE6EBA /* Pods-ios-swift-date-demo.debug.xcconfig */;
			buildSettings = {
				ASSETCATALOG_COMPILER_APPICON_NAME = AppIcon;
				"CODE_SIGN_IDENTITY[sdk=iphoneos*]" = "iPhone Developer";
				DEVELOPMENT_TEAM = PCCZJUYRT6;
				INFOPLIST_FILE = "ios-swift-date-demo/Info.plist";
				LD_RUNPATH_SEARCH_PATHS = "$(inherited) @executable_path/Frameworks";
				PRODUCT_BUNDLE_IDENTIFIER = "jp.st-ventures.ios-swift-date-demo";
				PRODUCT_NAME = "$(TARGET_NAME)";
				PROVISIONING_PROFILE = "b6afef88-316b-4631-b4c4-141d73249e19";
				PROVISIONING_PROFILE_SPECIFIER = "Jenkins Demo";
				SWIFT_VERSION = 3.0;
			};
			name = Debug;
		};
		79FB2B921F03907E001205C8 /* Release */ = {
			isa = XCBuildConfiguration;
			baseConfigurationReference = D89A54F53EE7E75E575A0C60 /* Pods-ios-swift-date-demo.release.xcconfig */;
			buildSettings = {
				ASSETCATALOG_COMPILER_APPICON_NAME = AppIcon;
				"CODE_SIGN_IDENTITY[sdk=iphoneos*]" = "iPhone Developer";
				DEVELOPMENT_TEAM = PCCZJUYRT6;
				INFOPLIST_FILE = "ios-swift-date-demo/Info.plist";
				LD_RUNPATH_SEARCH_PATHS = "$(inherited) @executable_path/Frameworks";
				PRODUCT_BUNDLE_IDENTIFIER = "jp.st-ventures.ios-swift-date-demo";
				PRODUCT_NAME = "$(TARGET_NAME)";
				PROVISIONING_PROFILE = "b6afef88-316b-4631-b4c4-141d73249e19";
				PROVISIONING_PROFILE_SPECIFIER = "Jenkins Demo";
				SWIFT_VERSION = 3.0;
			};
			name = Release;
		};
		79FB2B941F03907E001205C8 /* Debug */ = {
			isa = XCBuildConfiguration;
			baseConfigurationReference = 762A54CF298839E1DC46BD43 /* Pods-ios-swift-date-demoTests.debug.xcconfig */;
			buildSettings = {
				ALWAYS_EMBED_SWIFT_STANDARD_LIBRARIES = YES;
				BUNDLE_LOADER = "$(TEST_HOST)";
				INFOPLIST_FILE = "ios-swift-date-demoTests/Info.plist";
				LD_RUNPATH_SEARCH_PATHS = "$(inherited) @executable_path/Frameworks @loader_path/Frameworks";
				PRODUCT_BUNDLE_IDENTIFIER = "jp.st-ventures.ios-swift-date-demoTests";
				PRODUCT_NAME = "$(TARGET_NAME)";
				SWIFT_VERSION = 3.0;
				TEST_HOST = "$(BUILT_PRODUCTS_DIR)/ios-swift-date-demo.app/ios-swift-date-demo";
			};
			name = Debug;
		};
		79FB2B951F03907E001205C8 /* Release */ = {
			isa = XCBuildConfiguration;
			baseConfigurationReference = D5011EB695BB133AEFA8C60C /* Pods-ios-swift-date-demoTests.release.xcconfig */;
			buildSettings = {
				ALWAYS_EMBED_SWIFT_STANDARD_LIBRARIES = YES;
				BUNDLE_LOADER = "$(TEST_HOST)";
				INFOPLIST_FILE = "ios-swift-date-demoTests/Info.plist";
				LD_RUNPATH_SEARCH_PATHS = "$(inherited) @executable_path/Frameworks @loader_path/Frameworks";
				PRODUCT_BUNDLE_IDENTIFIER = "jp.st-ventures.ios-swift-date-demoTests";
				PRODUCT_NAME = "$(TARGET_NAME)";
				SWIFT_VERSION = 3.0;
				TEST_HOST = "$(BUILT_PRODUCTS_DIR)/ios-swift-date-demo.app/ios-swift-date-demo";
			};
			name = Release;
		};
		79FB2B971F03907E001205C8 /* Debug */ = {
			isa = XCBuildConfiguration;
			baseConfigurationReference = B814548E0F4F214CCBB099CC /* Pods-ios-swift-date-demoUITests.debug.xcconfig */;
			buildSettings = {
				ALWAYS_EMBED_SWIFT_STANDARD_LIBRARIES = YES;
				INFOPLIST_FILE = "ios-swift-date-demoUITests/Info.plist";
				LD_RUNPATH_SEARCH_PATHS = "$(inherited) @executable_path/Frameworks @loader_path/Frameworks";
				PRODUCT_BUNDLE_IDENTIFIER = "jp.st-ventures.ios-swift-date-demoUITests";
				PRODUCT_NAME = "$(TARGET_NAME)";
				SWIFT_VERSION = 3.0;
				TEST_TARGET_NAME = "ios-swift-date-demo";
			};
			name = Debug;
		};
		79FB2B981F03907E001205C8 /* Release */ = {
			isa = XCBuildConfiguration;
			baseConfigurationReference = F5E7EAA3EB6388F6DB7B8B24 /* Pods-ios-swift-date-demoUITests.release.xcconfig */;
			buildSettings = {
				ALWAYS_EMBED_SWIFT_STANDARD_LIBRARIES = YES;
				INFOPLIST_FILE = "ios-swift-date-demoUITests/Info.plist";
				LD_RUNPATH_SEARCH_PATHS = "$(inherited) @executable_path/Frameworks @loader_path/Frameworks";
				PRODUCT_BUNDLE_IDENTIFIER = "jp.st-ventures.ios-swift-date-demoUITests";
				PRODUCT_NAME = "$(TARGET_NAME)";
				SWIFT_VERSION = 3.0;
				TEST_TARGET_NAME = "ios-swift-date-demo";
			};
			name = Release;
		};
/* End XCBuildConfiguration section */

/* Begin XCConfigurationList section */
		79FB2B631F03907E001205C8 /* Build configuration list for PBXProject "ios-swift-date-demo" */ = {
			isa = XCConfigurationList;
			buildConfigurations = (
				79FB2B8E1F03907E001205C8 /* Debug */,
				79FB2B8F1F03907E001205C8 /* Release */,
			);
			defaultConfigurationIsVisible = 0;
			defaultConfigurationName = Release;
		};
		79FB2B901F03907E001205C8 /* Build configuration list for PBXNativeTarget "ios-swift-date-demo" */ = {
			isa = XCConfigurationList;
			buildConfigurations = (
				79FB2B911F03907E001205C8 /* Debug */,
				79FB2B921F03907E001205C8 /* Release */,
			);
			defaultConfigurationIsVisible = 0;
			defaultConfigurationName = Release;
		};
		79FB2B931F03907E001205C8 /* Build configuration list for PBXNativeTarget "ios-swift-date-demoTests" */ = {
			isa = XCConfigurationList;
			buildConfigurations = (
				79FB2B941F03907E001205C8 /* Debug */,
				79FB2B951F03907E001205C8 /* Release */,
			);
			defaultConfigurationIsVisible = 0;
			defaultConfigurationName = Release;
		};
		79FB2B961F03907E001205C8 /* Build configuration list for PBXNativeTarget "ios-swift-date-demoUITests" */ = {
			isa = XCConfigurationList;
			buildConfigurations = (
				79FB2B971F03907E001205C8 /* Debug */,
				79FB2B981F03907E001205C8 /* Release */,
			);
			defaultConfigurationIsVisible = 0;
			defaultConfigurationName = Release;
		};
/* End XCConfigurationList section */
	};
	rootObject = 79FB2B601F03907E001205C8 /* Project object */;
}
